
Microsoft Visual Studio Solution File, Format Version 12.00
# Visual Studio 15
VisualStudioVersion = 15.0.26730.16
MinimumVisualStudioVersion = 10.0.40219.1
Project("{6989167D-11E4-40FE-8C1A-2192A86A7E90}") = "gen_lat_conf", "gen_lat_conf\gen_lat_conf.vfproj", "{9C56A80C-FFBE-4EA0-B7F2-6A18F7816AD9}"
EndProject
Project("{6989167D-11E4-40FE-8C1A-2192A86A7E90}") = "avrg_plaquette", "avrg_plaquette\avrg_plaquette.vfproj", "{81A92F0D-D3E3-4DE1-9102-AEBDBB64EACD}"
EndProject
Global
	GlobalSection(SolutionConfigurationPlatforms) = preSolution
		Debug|x64 = Debug|x64
		Debug|x86 = Debug|x86
		Release|x64 = Release|x64
		Release|x86 = Release|x86
	EndGlobalSection
	GlobalSection(ProjectConfigurationPlatforms) = postSolution
		{9C56A80C-FFBE-4EA0-B7F2-6A18F7816AD9}.Debug|x64.ActiveCfg = Debug|x64
		{9C56A80C-FFBE-4EA0-B7F2-6A18F7816AD9}.Debug|x64.Build.0 = Debug|x64
		{9C56A80C-FFBE-4EA0-B7F2-6A18F7816AD9}.Debug|x86.ActiveCfg = Debug|Win32
		{9C56A80C-FFBE-4EA0-B7F2-6A18F7816AD9}.Debug|x86.Build.0 = Debug|Win32
		{9C56A80C-FFBE-4EA0-B7F2-6A18F7816AD9}.Release|x64.ActiveCfg = Release|x64
		{9C56A80C-FFBE-4EA0-B7F2-6A18F7816AD9}.Release|x64.Build.0 = Release|x64
		{9C56A80C-FFBE-4EA0-B7F2-6A18F7816AD9}.Release|x86.ActiveCfg = Release|Win32
		{9C56A80C-FFBE-4EA0-B7F2-6A18F7816AD9}.Release|x86.Build.0 = Release|Win32
		{81A92F0D-D3E3-4DE1-9102-AEBDBB64EACD}.Debug|x64.ActiveCfg = Debug|Win32
		{81A92F0D-D3E3-4DE1-9102-AEBDBB64EACD}.Debug|x86.ActiveCfg = Debug|Win32
		{81A92F0D-D3E3-4DE1-9102-AEBDBB64EACD}.Debug|x86.Build.0 = Debug|Win32
		{81A92F0D-D3E3-4DE1-9102-AEBDBB64EACD}.Release|x64.ActiveCfg = Release|Win32
		{81A92F0D-D3E3-4DE1-9102-AEBDBB64EACD}.Release|x86.ActiveCfg = Release|Win32
		{81A92F0D-D3E3-4DE1-9102-AEBDBB64EACD}.Release|x86.Build.0 = Release|Win32
	EndGlobalSection
	GlobalSection(SolutionProperties) = preSolution
		HideSolutionNode = FALSE
	EndGlobalSection
	GlobalSection(ExtensibilityGlobals) = postSolution
		SolutionGuid = {172D985E-1745-44C7-9A81-EAC22F8961BB}
	EndGlobalSection
EndGlobal
